// !$*UTF8*$!
{
	archiveVersion = 1;
	classes = {
	};
	objectVersion = 50;
	objects = {

/* Begin PBXBuildFile section */
		5EC1EE1FBB78E3EE9A40AF69 /* libPods-YNetworking.a in Frameworks */ = {isa = PBXBuildFile; fileRef = D67AEE2AF2F8697DB5AECF50 /* libPods-YNetworking.a */; };
		FD4134D0215DD263001AD786 /* AppDelegate.m in Sources */ = {isa = PBXBuildFile; fileRef = FD4134CF215DD263001AD786 /* AppDelegate.m */; };
		FD4134D3215DD263001AD786 /* ViewController.m in Sources */ = {isa = PBXBuildFile; fileRef = FD4134D2215DD263001AD786 /* ViewController.m */; };
		FD4134D6215DD263001AD786 /* Main.storyboard in Resources */ = {isa = PBXBuildFile; fileRef = FD4134D4215DD263001AD786 /* Main.storyboard */; };
		FD4134D8215DD264001AD786 /* Assets.xcassets in Resources */ = {isa = PBXBuildFile; fileRef = FD4134D7215DD264001AD786 /* Assets.xcassets */; };
		FD4134DB215DD264001AD786 /* LaunchScreen.storyboard in Resources */ = {isa = PBXBuildFile; fileRef = FD4134D9215DD264001AD786 /* LaunchScreen.storyboard */; };
		FD4134DE215DD264001AD786 /* main.m in Sources */ = {isa = PBXBuildFile; fileRef = FD4134DD215DD264001AD786 /* main.m */; };
		FD4134EB215DD30A001AD786 /* YNetworkCache.m in Sources */ = {isa = PBXBuildFile; fileRef = FD4134E6215DD30A001AD786 /* YNetworkCache.m */; };
		FD4134EC215DD30A001AD786 /* YNetworkHelper.m in Sources */ = {isa = PBXBuildFile; fileRef = FD4134E8215DD30A001AD786 /* YNetworkHelper.m */; };
		FD4134ED215DD30A001AD786 /* YNetworkRequest.m in Sources */ = {isa = PBXBuildFile; fileRef = FD4134EA215DD30A001AD786 /* YNetworkRequest.m */; };
		FD4134F0215DD320001AD786 /* YNetworkRequestBase.m in Sources */ = {isa = PBXBuildFile; fileRef = FD4134EF215DD320001AD786 /* YNetworkRequestBase.m */; };
/* End PBXBuildFile section */

/* Begin PBXFileReference section */
		603BF9960A1FA1B16B9E6057 /* Pods-YNetworking.release.xcconfig */ = {isa = PBXFileReference; includeInIndex = 1; lastKnownFileType = text.xcconfig; name = "Pods-YNetworking.release.xcconfig"; path = "Pods/Target Support Files/Pods-YNetworking/Pods-YNetworking.release.xcconfig"; sourceTree = "<group>"; };
		6A99CD10515ABB4E499751DE /* Pods-YNetworking.debug.xcconfig */ = {isa = PBXFileReference; includeInIndex = 1; lastKnownFileType = text.xcconfig; name = "Pods-YNetworking.debug.xcconfig"; path = "Pods/Target Support Files/Pods-YNetworking/Pods-YNetworking.debug.xcconfig"; sourceTree = "<group>"; };
		D67AEE2AF2F8697DB5AECF50 /* libPods-YNetworking.a */ = {isa = PBXFileReference; explicitFileType = archive.ar; includeInIndex = 0; path = "libPods-YNetworking.a"; sourceTree = BUILT_PRODUCTS_DIR; };
		FD4134CB215DD263001AD786 /* YNetworking.app */ = {isa = PBXFileReference; explicitFileType = wrapper.application; includeInIndex = 0; path = YNetworking.app; sourceTree = BUILT_PRODUCTS_DIR; };
		FD4134CE215DD263001AD786 /* AppDelegate.h */ = {isa = PBXFileReference; lastKnownFileType = sourcecode.c.h; path = AppDelegate.h; sourceTree = "<group>"; };
		FD4134CF215DD263001AD786 /* AppDelegate.m */ = {isa = PBXFileReference; lastKnownFileType = sourcecode.c.objc; path = AppDelegate.m; sourceTree = "<group>"; };
		FD4134D1215DD263001AD786 /* ViewController.h */ = {isa = PBXFileReference; lastKnownFileType = sourcecode.c.h; path = ViewController.h; sourceTree = "<group>"; };
		FD4134D2215DD263001AD786 /* ViewController.m */ = {isa = PBXFileReference; lastKnownFileType = sourcecode.c.objc; path = ViewController.m; sourceTree = "<group>"; };
		FD4134D5215DD263001AD786 /* Base */ = {isa = PBXFileReference; lastKnownFileType = file.storyboard; name = Base; path = Base.lproj/Main.storyboard; sourceTree = "<group>"; };
		FD4134D7215DD264001AD786 /* Assets.xcassets */ = {isa = PBXFileReference; lastKnownFileType = folder.assetcatalog; path = Assets.xcassets; sourceTree = "<group>"; };
		FD4134DA215DD264001AD786 /* Base */ = {isa = PBXFileReference; lastKnownFileType = file.storyboard; name = Base; path = Base.lproj/LaunchScreen.storyboard; sourceTree = "<group>"; };
		FD4134DC215DD264001AD786 /* Info.plist */ = {isa = PBXFileReference; lastKnownFileType = text.plist.xml; path = Info.plist; sourceTree = "<group>"; };
		FD4134DD215DD264001AD786 /* main.m */ = {isa = PBXFileReference; lastKnownFileType = sourcecode.c.objc; path = main.m; sourceTree = "<group>"; };
		FD4134E5215DD30A001AD786 /* YNetworkHelper.h */ = {isa = PBXFileReference; fileEncoding = 4; lastKnownFileType = sourcecode.c.h; path = YNetworkHelper.h; sourceTree = "<group>"; };
		FD4134E6215DD30A001AD786 /* YNetworkCache.m */ = {isa = PBXFileReference; fileEncoding = 4; lastKnownFileType = sourcecode.c.objc; path = YNetworkCache.m; sourceTree = "<group>"; };
		FD4134E7215DD30A001AD786 /* YNetworkRequest.h */ = {isa = PBXFileReference; fileEncoding = 4; lastKnownFileType = sourcecode.c.h; path = YNetworkRequest.h; sourceTree = "<group>"; };
		FD4134E8215DD30A001AD786 /* YNetworkHelper.m */ = {isa = PBXFileReference; fileEncoding = 4; lastKnownFileType = sourcecode.c.objc; path = YNetworkHelper.m; sourceTree = "<group>"; };
		FD4134E9215DD30A001AD786 /* YNetworkCache.h */ = {isa = PBXFileReference; fileEncoding = 4; lastKnownFileType = sourcecode.c.h; path = YNetworkCache.h; sourceTree = "<group>"; };
		FD4134EA215DD30A001AD786 /* YNetworkRequest.m */ = {isa = PBXFileReference; fileEncoding = 4; lastKnownFileType = sourcecode.c.objc; path = YNetworkRequest.m; sourceTree = "<group>"; };
		FD4134EE215DD320001AD786 /* YNetworkRequestBase.h */ = {isa = PBXFileReference; fileEncoding = 4; lastKnownFileType = sourcecode.c.h; path = YNetworkRequestBase.h; sourceTree = "<group>"; };
		FD4134EF215DD320001AD786 /* YNetworkRequestBase.m */ = {isa = PBXFileReference; fileEncoding = 4; lastKnownFileType = sourcecode.c.objc; path = YNetworkRequestBase.m; sourceTree = "<group>"; };
/* End PBXFileReference section */

/* Begin PBXFrameworksBuildPhase section */
		FD4134C8215DD263001AD786 /* Frameworks */ = {
			isa = PBXFrameworksBuildPhase;
			buildActionMask = 2147483647;
			files = (
				5EC1EE1FBB78E3EE9A40AF69 /* libPods-YNetworking.a in Frameworks */,
			);
			runOnlyForDeploymentPostprocessing = 0;
		};
/* End PBXFrameworksBuildPhase section */

/* Begin PBXGroup section */
		08117A4CBC18F527E58FA3A1 /* Pods */ = {
			isa = PBXGroup;
			children = (
				6A99CD10515ABB4E499751DE /* Pods-YNetworking.debug.xcconfig */,
				603BF9960A1FA1B16B9E6057 /* Pods-YNetworking.release.xcconfig */,
			);
			name = Pods;
			sourceTree = "<group>";
		};
		F263DA3C31BACCA6505979E3 /* Frameworks */ = {
			isa = PBXGroup;
			children = (
				D67AEE2AF2F8697DB5AECF50 /* libPods-YNetworking.a */,
			);
			name = Frameworks;
			sourceTree = "<group>";
		};
		FD4134C2215DD263001AD786 = {
			isa = PBXGroup;
			children = (
				FD4134CD215DD263001AD786 /* YNetworking */,
				FD4134CC215DD263001AD786 /* Products */,
				08117A4CBC18F527E58FA3A1 /* Pods */,
				F263DA3C31BACCA6505979E3 /* Frameworks */,
			);
			sourceTree = "<group>";
		};
		FD4134CC215DD263001AD786 /* Products */ = {
			isa = PBXGroup;
			children = (
				FD4134CB215DD263001AD786 /* YNetworking.app */,
			);
			name = Products;
			sourceTree = "<group>";
		};
		FD4134CD215DD263001AD786 /* YNetworking */ = {
			isa = PBXGroup;
			children = (
				FD4134E4215DD30A001AD786 /* YNetworking */,
				FD4134CE215DD263001AD786 /* AppDelegate.h */,
				FD4134CF215DD263001AD786 /* AppDelegate.m */,
				FD4134D1215DD263001AD786 /* ViewController.h */,
				FD4134D2215DD263001AD786 /* ViewController.m */,
				FD4134EE215DD320001AD786 /* YNetworkRequestBase.h */,
				FD4134EF215DD320001AD786 /* YNetworkRequestBase.m */,
				FD4134D4215DD263001AD786 /* Main.storyboard */,
				FD4134D7215DD264001AD786 /* Assets.xcassets */,
				FD4134D9215DD264001AD786 /* LaunchScreen.storyboard */,
				FD4134DC215DD264001AD786 /* Info.plist */,
				FD4134DD215DD264001AD786 /* main.m */,
			);
			path = YNetworking;
			sourceTree = "<group>";
		};
		FD4134E4215DD30A001AD786 /* YNetworking */ = {
			isa = PBXGroup;
			children = (
				FD4134E5215DD30A001AD786 /* YNetworkHelper.h */,
				FD4134E8215DD30A001AD786 /* YNetworkHelper.m */,
				FD4134E9215DD30A001AD786 /* YNetworkCache.h */,
				FD4134E6215DD30A001AD786 /* YNetworkCache.m */,
				FD4134E7215DD30A001AD786 /* YNetworkRequest.h */,
				FD4134EA215DD30A001AD786 /* YNetworkRequest.m */,
			);
			path = YNetworking;
			sourceTree = "<group>";
		};
/* End PBXGroup section */

/* Begin PBXNativeTarget section */
		FD4134CA215DD263001AD786 /* YNetworking */ = {
			isa = PBXNativeTarget;
			buildConfigurationList = FD4134E1215DD264001AD786 /* Build configuration list for PBXNativeTarget "YNetworking" */;
			buildPhases = (
				C5703527E3C721E48752EBFF /* [CP] Check Pods Manifest.lock */,
				FD4134C7215DD263001AD786 /* Sources */,
				FD4134C8215DD263001AD786 /* Frameworks */,
				FD4134C9215DD263001AD786 /* Resources */,
			);
			buildRules = (
			);
			dependencies = (
			);
			name = YNetworking;
			productName = YNetworking;
			productReference = FD4134CB215DD263001AD786 /* YNetworking.app */;
			productType = "com.apple.product-type.application";
		};
/* End PBXNativeTarget section */

/* Begin PBXProject section */
		FD4134C3215DD263001AD786 /* Project object */ = {
			isa = PBXProject;
			attributes = {
				LastUpgradeCheck = 1000;
				ORGANIZATIONNAME = Y;
				TargetAttributes = {
					FD4134CA215DD263001AD786 = {
						CreatedOnToolsVersion = 10.0;
					};
				};
			};
			buildConfigurationList = FD4134C6215DD263001AD786 /* Build configuration list for PBXProject "YNetworking" */;
			compatibilityVersion = "Xcode 9.3";
			developmentRegion = en;
			hasScannedForEncodings = 0;
			knownRegions = (
				en,
				Base,
			);
			mainGroup = FD4134C2215DD263001AD786;
			productRefGroup = FD4134CC215DD263001AD786 /* Products */;
			projectDirPath = "";
			projectRoot = "";
			targets = (
				FD4134CA215DD263001AD786 /* YNetworking */,
			);
		};
/* End PBXProject section */

/* Begin PBXResourcesBuildPhase section */
		FD4134C9215DD263001AD786 /* Resources */ = {
			isa = PBXResourcesBuildPhase;
			buildActionMask = 2147483647;
			files = (
				FD4134DB215DD264001AD786 /* LaunchScreen.storyboard in Resources */,
				FD4134D8215DD264001AD786 /* Assets.xcassets in Resources */,
				FD4134D6215DD263001AD786 /* Main.storyboard in Resources */,
			);
			runOnlyForDeploymentPostprocessing = 0;
		};
/* End PBXResourcesBuildPhase section */

/* Begin PBXShellScriptBuildPhase section */
		C5703527E3C721E48752EBFF /* [CP] Check Pods Manifest.lock */ = {
			isa = PBXShellScriptBuildPhase;
			buildActionMask = 2147483647;
			files = (
			);
			inputPaths = (
				"${PODS_PODFILE_DIR_PATH}/Podfile.lock",
				"${PODS_ROOT}/Manifest.lock",
			);
			name = "[CP] Check Pods Manifest.lock";
			outputPaths = (
				"$(DERIVED_FILE_DIR)/Pods-YNetworking-checkManifestLockResult.txt",
			);
			runOnlyForDeploymentPostprocessing = 0;
			shellPath = /bin/sh;
			shellScript = "diff \"${PODS_PODFILE_DIR_PATH}/Podfile.lock\" \"${PODS_ROOT}/Manifest.lock\" > /dev/null\nif [ $? != 0 ] ; then\n    # print error to STDERR\n    echo \"error: The sandbox is not in sync with the Podfile.lock. Run 'pod install' or update your CocoaPods installation.\" >&2\n    exit 1\nfi\n# This output is used by Xcode 'outputs' to avoid re-running this script phase.\necho \"SUCCESS\" > \"${SCRIPT_OUTPUT_FILE_0}\"\n";
			showEnvVarsInLog = 0;
		};
/* End PBXShellScriptBuildPhase section */

/* Begin PBXSourcesBuildPhase section */
		FD4134C7215DD263001AD786 /* Sources */ = {
			isa = PBXSourcesBuildPhase;
			buildActionMask = 2147483647;
			files = (
				FD4134ED215DD30A001AD786 /* YNetworkRequest.m in Sources */,
				FD4134D3215DD263001AD786 /* ViewController.m in Sources */,
				FD4134EB215DD30A001AD786 /* YNetworkCache.m in Sources */,
				FD4134F0215DD320001AD786 /* YNetworkRequestBase.m in Sources */,
				FD4134DE215DD264001AD786 /* main.m in Sources */,
				FD4134EC215DD30A001AD786 /* YNetworkHelper.m in Sources */,
				FD4134D0215DD263001AD786 /* AppDelegate.m in Sources */,
			);
			runOnlyForDeploymentPostprocessing = 0;
		};
/* End PBXSourcesBuildPhase section */

/* Begin PBXVariantGroup section */
		FD4134D4215DD263001AD786 /* Main.storyboard */ = {
			isa = PBXVariantGroup;
			children = (
				FD4134D5215DD263001AD786 /* Base */,
			);
			name = Main.storyboard;
			sourceTree = "<group>";
		};
		FD4134D9215DD264001AD786 /* LaunchScreen.storyboard */ = {
			isa = PBXVariantGroup;
			children = (
				FD4134DA215DD264001AD786 /* Base */,
			);
			name = LaunchScreen.storyboard;
			sourceTree = "<group>";
		};
/* End PBXVariantGroup section */

/* Begin XCBuildConfiguration section */
		FD4134DF215DD264001AD786 /* Debug */ = {
			isa = XCBuildConfiguration;
			buildSettings = {
				ALWAYS_SEARCH_USER_PATHS = NO;
				CLANG_ANALYZER_NONNULL = YES;
				CLANG_ANALYZER_NUMBER_OBJECT_CONVERSION = YES_AGGRESSIVE;
				CLANG_CXX_LANGUAGE_STANDARD = "gnu++14";
				CLANG_CXX_LIBRARY = "libc++";
				CLANG_ENABLE_MODULES = YES;
				CLANG_ENABLE_OBJC_ARC = YES;
				CLANG_ENABLE_OBJC_WEAK = YES;
				CLANG_WARN_BLOCK_CAPTURE_AUTORELEASING = YES;
				CLANG_WARN_BOOL_CONVERSION = YES;
				CLANG_WARN_COMMA = YES;
				CLANG_WARN_CONSTANT_CONVERSION = YES;
				CLANG_WARN_DEPRECATED_OBJC_IMPLEMENTATIONS = YES;
				CLANG_WARN_DIRECT_OBJC_ISA_USAGE = YES_ERROR;
				CLANG_WARN_DOCUMENTATION_COMMENTS = YES;
				CLANG_WARN_EMPTY_BODY = YES;
				CLANG_WARN_ENUM_CONVERSION = YES;
				CLANG_WARN_INFINITE_RECURSION = YES;
				CLANG_WARN_INT_CONVERSION = YES;
				CLANG_WARN_NON_LITERAL_NULL_CONVERSION = YES;
				CLANG_WARN_OBJC_IMPLICIT_RETAIN_SELF = YES;
				CLANG_WARN_OBJC_LITERAL_CONVERSION = YES;
				CLANG_WARN_OBJC_ROOT_CLASS = YES_ERROR;
				CLANG_WARN_RANGE_LOOP_ANALYSIS = YES;
				CLANG_WARN_STRICT_PROTOTYPES = YES;
				CLANG_WARN_SUSPICIOUS_MOVE = YES;
				CLANG_WARN_UNGUARDED_AVAILABILITY = YES_AGGRESSIVE;
				CLANG_WARN_UNREACHABLE_CODE = YES;
				CLANG_WARN__DUPLICATE_METHOD_MATCH = YES;
				CODE_SIGN_IDENTITY = "iPhone Developer";
				COPY_PHASE_STRIP = NO;
				DEBUG_INFORMATION_FORMAT = dwarf;
				ENABLE_STRICT_OBJC_MSGSEND = YES;
				ENABLE_TESTABILITY = YES;
				GCC_C_LANGUAGE_STANDARD = gnu11;
				GCC_DYNAMIC_NO_PIC = NO;
				GCC_NO_COMMON_BLOCKS = YES;
				GCC_OPTIMIZATION_LEVEL = 0;
				GCC_PREPROCESSOR_DEFINITIONS = (
					"DEBUG=1",
					"$(inherited)",
				);
				GCC_WARN_64_TO_32_BIT_CONVERSION = YES;
				GCC_WARN_ABOUT_RETURN_TYPE = YES_ERROR;
				GCC_WARN_UNDECLARED_SELECTOR = YES;
				GCC_WARN_UNINITIALIZED_AUTOS = YES_AGGRESSIVE;
				GCC_WARN_UNUSED_FUNCTION = YES;
				GCC_WARN_UNUSED_VARIABLE = YES;
				IPHONEOS_DEPLOYMENT_TARGET = 12.0;
				MTL_ENABLE_DEBUG_INFO = INCLUDE_SOURCE;
				MTL_FAST_MATH = YES;
				ONLY_ACTIVE_ARCH = YES;
				SDKROOT = iphoneos;
			};
			name = Debug;
		};
		FD4134E0215DD264001AD786 /* Release */ = {
			isa = XCBuildConfiguration;
			buildSettings = {
				ALWAYS_SEARCH_USER_PATHS = NO;
				CLANG_ANALYZER_NONNULL = YES;
				CLANG_ANALYZER_NUMBER_OBJECT_CONVERSION = YES_AGGRESSIVE;
				CLANG_CXX_LANGUAGE_STANDARD = "gnu++14";
				CLANG_CXX_LIBRARY = "libc++";
				CLANG_ENABLE_MODULES = YES;
				CLANG_ENABLE_OBJC_ARC = YES;
				CLANG_ENABLE_OBJC_WEAK = YES;
				CLANG_WARN_BLOCK_CAPTURE_AUTORELEASING = YES;
				CLANG_WARN_BOOL_CONVERSION = YES;
				CLANG_WARN_COMMA = YES;
				CLANG_WARN_CONSTANT_CONVERSION = YES;
				CLANG_WARN_DEPRECATED_OBJC_IMPLEMENTATIONS = YES;
				CLANG_WARN_DIRECT_OBJC_ISA_USAGE = YES_ERROR;
				CLANG_WARN_DOCUMENTATION_COMMENTS = YES;
				CLANG_WARN_EMPTY_BODY = YES;
				CLANG_WARN_ENUM_CONVERSION = YES;
				CLANG_WARN_INFINITE_RECURSION = YES;
				CLANG_WARN_INT_CONVERSION = YES;
				CLANG_WARN_NON_LITERAL_NULL_CONVERSION = YES;
				CLANG_WARN_OBJC_IMPLICIT_RETAIN_SELF = YES;
				CLANG_WARN_OBJC_LITERAL_CONVERSION = YES;
				CLANG_WARN_OBJC_ROOT_CLASS = YES_ERROR;
				CLANG_WARN_RANGE_LOOP_ANALYSIS = YES;
				CLANG_WARN_STRICT_PROTOTYPES = YES;
				CLANG_WARN_SUSPICIOUS_MOVE = YES;
				CLANG_WARN_UNGUARDED_AVAILABILITY = YES_AGGRESSIVE;
				CLANG_WARN_UNREACHABLE_CODE = YES;
				CLANG_WARN__DUPLICATE_METHOD_MATCH = YES;
				CODE_SIGN_IDENTITY = "iPhone Developer";
				COPY_PHASE_STRIP = NO;
				DEBUG_INFORMATION_FORMAT = "dwarf-with-dsym";
				ENABLE_NS_ASSERTIONS = NO;
				ENABLE_STRICT_OBJC_MSGSEND = YES;
				GCC_C_LANGUAGE_STANDARD = gnu11;
				GCC_NO_COMMON_BLOCKS = YES;
				GCC_WARN_64_TO_32_BIT_CONVERSION = YES;
				GCC_WARN_ABOUT_RETURN_TYPE = YES_ERROR;
				GCC_WARN_UNDECLARED_SELECTOR = YES;
				GCC_WARN_UNINITIALIZED_AUTOS = YES_AGGRESSIVE;
				GCC_WARN_UNUSED_FUNCTION = YES;
				GCC_WARN_UNUSED_VARIABLE = YES;
				IPHONEOS_DEPLOYMENT_TARGET = 12.0;
				MTL_ENABLE_DEBUG_INFO = NO;
				MTL_FAST_MATH = YES;
				SDKROOT = iphoneos;
				VALIDATE_PRODUCT = YES;
			};
			name = Release;
		};
		FD4134E2215DD264001AD786 /* Debug */ = {
			isa = XCBuildConfiguration;
			baseConfigurationReference = 6A99CD10515ABB4E499751DE /* Pods-YNetworking.debug.xcconfig */;
			buildSettings = {
				ASSETCATALOG_COMPILER_APPICON_NAME = AppIcon;
				CODE_SIGN_STYLE = Automatic;
				INFOPLIST_FILE = YNetworking/Info.plist;
				LD_RUNPATH_SEARCH_PATHS = (
					"$(inherited)",
					"@executable_path/Frameworks",
				);
				PRODUCT_BUNDLE_IDENTIFIER = Y.YNetworking;
				PRODUCT_NAME = "$(TARGET_NAME)";
				TARGETED_DEVICE_FAMILY = "1,2";
			};
			name = Debug;
		};
		FD4134E3215DD264001AD786 /* Release */ = {
			isa = XCBuildConfiguration;
			baseConfigurationReference = 603BF9960A1FA1B16B9E6057 /* Pods-YNetworking.release.xcconfig */;
			buildSettings = {
				ASSETCATALOG_COMPILER_APPICON_NAME = AppIcon;
				CODE_SIGN_STYLE = Automatic;
				INFOPLIST_FILE = YNetworking/Info.plist;
				LD_RUNPATH_SEARCH_PATHS = (
					"$(inherited)",
					"@executable_path/Frameworks",
				);
				PRODUCT_BUNDLE_IDENTIFIER = Y.YNetworking;
				PRODUCT_NAME = "$(TARGET_NAME)";
				TARGETED_DEVICE_FAMILY = "1,2";
			};
			name = Release;
		};
/* End XCBuildConfiguration section */

/* Begin XCConfigurationList section */
		FD4134C6215DD263001AD786 /* Build configuration list for PBXProject "YNetworking" */ = {
			isa = XCConfigurationList;
			buildConfigurations = (
				FD4134DF215DD264001AD786 /* Debug */,
				FD4134E0215DD264001AD786 /* Release */,
			);
			defaultConfigurationIsVisible = 0;
			defaultConfigurationName = Release;
		};
		FD4134E1215DD264001AD786 /* Build configuration list for PBXNativeTarget "YNetworking" */ = {
			isa = XCConfigurationList;
			buildConfigurations = (
				FD4134E2215DD264001AD786 /* Debug */,
				FD4134E3215DD264001AD786 /* Release */,
			);
			defaultConfigurationIsVisible = 0;
			defaultConfigurationName = Release;
		};
/* End XCConfigurationList section */
	};
	rootObject = FD4134C3215DD263001AD786 /* Project object */;
}
